{
  "name": "work-hours-app",
  "version": "1.0.0",
  "lockfileVersion": 3,
  "requires": true,
  "packages": {
    "": {
      "name": "work-hours-app",
      "version": "1.0.0",
      "license": "ISC",
      "dependencies": {
        "labor-engine": "file:../../packages/labor-engine"
      }
    },
    "../../packages/labor-engine": {
      "version": "1.0.0"
    },
    "node_modules/labor-engine": {
      "resolved": "../../packages/labor-engine",
      "link": true
    }
  }
}
